
Microsoft Visual Studio Solution File, Format Version 12.00
# Visual Studio Version 16
VisualStudioVersion = 16.0.30114.105
MinimumVisualStudioVersion = 10.0.40219.1
Project("{FAE04EC0-301F-11D3-BF4B-00C04F79EFBC}") = "BloggingPlatform", "BloggingPlatform\BloggingPlatform.csproj", "{0B4DB41D-CA71-4169-AC2A-B48AE85522A8}"
EndProject
Project("{FAE04EC0-301F-11D3-BF4B-00C04F79EFBC}") = "BloggingPlatform.Tests", "BloggingPlatform.Tests\BloggingPlatform.Tests.csproj", "{FC2DC937-1C22-412A-8811-75ECF9AAF72B}"
EndProject
Global
	GlobalSection(SolutionConfigurationPlatforms) = preSolution
		Debug|Any CPU = Debug|Any CPU
		Release|Any CPU = Release|Any CPU
	EndGlobalSection
	GlobalSection(SolutionProperties) = preSolution
		HideSolutionNode = FALSE
	EndGlobalSection
	GlobalSection(ProjectConfigurationPlatforms) = postSolution
		{0B4DB41D-CA71-4169-AC2A-B48AE85522A8}.Debug|Any CPU.ActiveCfg = Debug|Any CPU
		{0B4DB41D-CA71-4169-AC2A-B48AE85522A8}.Debug|Any CPU.Build.0 = Debug|Any CPU
		{0B4DB41D-CA71-4169-AC2A-B48AE85522A8}.Release|Any CPU.ActiveCfg = Release|Any CPU
		{0B4DB41D-CA71-4169-AC2A-B48AE85522A8}.Release|Any CPU.Build.0 = Release|Any CPU
		{D1062B4F-BE73-4397-AA22-B2D5100D4B2A}.Debug|Any CPU.ActiveCfg = Debug|Any CPU
		{D1062B4F-BE73-4397-AA22-B2D5100D4B2A}.Debug|Any CPU.Build.0 = Debug|Any CPU
		{D1062B4F-BE73-4397-AA22-B2D5100D4B2A}.Release|Any CPU.ActiveCfg = Release|Any CPU
		{D1062B4F-BE73-4397-AA22-B2D5100D4B2A}.Release|Any CPU.Build.0 = Release|Any CPU
		{7005CF8F-F817-4766-A4CB-07CC9B59B762}.Debug|Any CPU.ActiveCfg = Debug|Any CPU
		{7005CF8F-F817-4766-A4CB-07CC9B59B762}.Debug|Any CPU.Build.0 = Debug|Any CPU
		{7005CF8F-F817-4766-A4CB-07CC9B59B762}.Release|Any CPU.ActiveCfg = Release|Any CPU
		{7005CF8F-F817-4766-A4CB-07CC9B59B762}.Release|Any CPU.Build.0 = Release|Any CPU
		{FC2DC937-1C22-412A-8811-75ECF9AAF72B}.Debug|Any CPU.ActiveCfg = Debug|Any CPU
		{FC2DC937-1C22-412A-8811-75ECF9AAF72B}.Debug|Any CPU.Build.0 = Debug|Any CPU
		{FC2DC937-1C22-412A-8811-75ECF9AAF72B}.Release|Any CPU.ActiveCfg = Release|Any CPU
		{FC2DC937-1C22-412A-8811-75ECF9AAF72B}.Release|Any CPU.Build.0 = Release|Any CPU
	EndGlobalSection
EndGlobal
